
Microsoft Visual Studio Solution File, Format Version 12.00
# Visual Studio Version 17
VisualStudioVersion = 17.14.36408.4 d17.14
MinimumVisualStudioVersion = 10.0.40219.1
Project("{8BC9CEB8-8B4A-11D0-8D11-00A0C91BC942}") = "OpenGL", "OpenGL\OpenGL.vcxproj", "{19AB4A74-56A3-461B-BFDB-A370C9E7DA62}"
EndProject
Global
	GlobalSection(SolutionConfigurationPlatforms) = preSolution
		Debug|x64 = Debug|x64
		Debug|x86 = Debug|x86
		Release|x64 = Release|x64
		Release|x86 = Release|x86
	EndGlobalSection
	GlobalSection(ProjectConfigurationPlatforms) = postSolution
		{19AB4A74-56A3-461B-BFDB-A370C9E7DA62}.Debug|x64.ActiveCfg = Debug|x64
		{19AB4A74-56A3-461B-BFDB-A370C9E7DA62}.Debug|x64.Build.0 = Debug|x64
		{19AB4A74-56A3-461B-BFDB-A370C9E7DA62}.Debug|x86.ActiveCfg = Debug|Win32
		{19AB4A74-56A3-461B-BFDB-A370C9E7DA62}.Debug|x86.Build.0 = Debug|Win32
		{19AB4A74-56A3-461B-BFDB-A370C9E7DA62}.Release|x64.ActiveCfg = Release|x64
		{19AB4A74-56A3-461B-BFDB-A370C9E7DA62}.Release|x64.Build.0 = Release|x64
		{19AB4A74-56A3-461B-BFDB-A370C9E7DA62}.Release|x86.ActiveCfg = Release|Win32
		{19AB4A74-56A3-461B-BFDB-A370C9E7DA62}.Release|x86.Build.0 = Release|Win32
	EndGlobalSection
	GlobalSection(SolutionProperties) = preSolution
		HideSolutionNode = FALSE
	EndGlobalSection
	GlobalSection(ExtensibilityGlobals) = postSolution
		SolutionGuid = {F0D52174-9F07-40CB-8D4F-FDBF8125D33D}
	EndGlobalSection
EndGlobal
